{
  "name": "@cher-ami/chersite",
  "version": "2.1.0",
  "lockfileVersion": 2,
  "requires": true,
  "packages": {
    "": {
      "name": "@cher-ami/chersite",
      "version": "2.1.0",
      "dependencies": {
        "pnpm": "^7.25.1"
      },
      "devDependencies": {
        "turbo": "^1.7.0"
      }
    },
    "node_modules/.pnpm/prettier@2.8.3/node_modules/prettier": {
      "version": "2.8.3",
      "extraneous": true,
      "license": "MIT",
      "bin": {
        "prettier": "bin-prettier.js"
      },
      "engines": {
        "node": ">=10.13.0"
      },
      "funding": {
        "url": "https://github.com/prettier/prettier?sponsor=1"
      }
    },
    "node_modules/.pnpm/turbo@1.7.0/node_modules/turbo": {
      "version": "1.7.0",
      "dev": true,
      "hasInstallScript": true,
      "license": "MPL-2.0",
      "bin": {
        "turbo": "bin/turbo"
      },
      "optionalDependencies": {
        "turbo-darwin-64": "1.7.0",
        "turbo-darwin-arm64": "1.7.0",
        "turbo-linux-64": "1.7.0",
        "turbo-linux-arm64": "1.7.0",
        "turbo-windows-64": "1.7.0",
        "turbo-windows-arm64": "1.7.0"
      }
    },
    "node_modules/pnpm": {
      "version": "7.25.1",
      "resolved": "https://registry.npmjs.org/pnpm/-/pnpm-7.25.1.tgz",
      "integrity": "sha512-y/jlADVxyk+scBwI0ALRf8QoUMgrWyONnD1voZaPTBI+D+aIXXiFG9pMk3eLhvEfc0nK8KUnnbDDBTywd7WsMw==",
      "bin": {
        "pnpm": "bin/pnpm.cjs",
        "pnpx": "bin/pnpx.cjs"
      },
      "engines": {
        "node": ">=14.6"
      },
      "funding": {
        "url": "https://opencollective.com/pnpm"
      }
    },
    "node_modules/turbo": {
      "resolved": "node_modules/.pnpm/turbo@1.7.0/node_modules/turbo",
      "link": true
    },
    "node_modules/turbo-darwin-64": {
      "version": "1.7.0",
      "resolved": "https://registry.npmjs.org/turbo-darwin-64/-/turbo-darwin-64-1.7.0.tgz",
      "integrity": "sha512-hSGAueSf5Ko8J67mpqjpt9FsP6ePn1nMcl7IVPoJq5dHsgX3anCP/BPlexJ502bNK+87DDyhQhJ/LPSJXKrSYQ==",
      "cpu": [
        "x64"
      ],
      "dev": true,
      "optional": true,
      "os": [
        "darwin"
      ]
    },
    "node_modules/turbo-darwin-arm64": {
      "version": "1.7.0",
      "resolved": "https://registry.npmjs.org/turbo-darwin-arm64/-/turbo-darwin-arm64-1.7.0.tgz",
      "integrity": "sha512-BLLOW5W6VZxk5+0ZOj5AO1qjM0P5isIgjbEuyAl8lHZ4s9antUbY4CtFrspT32XxPTYoDl4UjviPMcSsbcl3WQ==",
      "cpu": [
        "arm64"
      ],
      "dev": true,
      "optional": true,
      "os": [
        "darwin"
      ]
    },
    "node_modules/turbo-linux-64": {
      "version": "1.7.0",
      "resolved": "https://registry.npmjs.org/turbo-linux-64/-/turbo-linux-64-1.7.0.tgz",
      "integrity": "sha512-aw2qxmfZa+kT87SB3GNUoFimqEPzTlzlRqhPgHuAAT6Uf0JHnmebPt4K+ZPtDNl5yfVmtB05bhHPqw+5QV97Yg==",
      "cpu": [
        "x64"
      ],
      "dev": true,
      "optional": true,
      "os": [
        "linux"
      ]
    },
    "node_modules/turbo-linux-arm64": {
      "version": "1.7.0",
      "resolved": "https://registry.npmjs.org/turbo-linux-arm64/-/turbo-linux-arm64-1.7.0.tgz",
      "integrity": "sha512-AJEx2jX+zO5fQtJpO3r6uhTabj4oSA5ZhB7zTs/rwu/XqoydsvStA4X8NDW4poTbOjF7DcSHizqwi04tSMzpJw==",
      "cpu": [
        "arm64"
      ],
      "dev": true,
      "optional": true,
      "os": [
        "linux"
      ]
    },
    "node_modules/turbo-windows-64": {
      "version": "1.7.0",
      "resolved": "https://registry.npmjs.org/turbo-windows-64/-/turbo-windows-64-1.7.0.tgz",
      "integrity": "sha512-ewj7PPv2uxqv0r31hgnBa3E5qwUu7eyVRP5M1gB/TJXfSHduU79gbxpKCyxIZv2fL/N2/3U7EPOQPSZxBAoljA==",
      "cpu": [
        "x64"
      ],
      "dev": true,
      "optional": true,
      "os": [
        "win32"
      ]
    },
    "node_modules/turbo-windows-arm64": {
      "version": "1.7.0",
      "resolved": "https://registry.npmjs.org/turbo-windows-arm64/-/turbo-windows-arm64-1.7.0.tgz",
      "integrity": "sha512-LzjOUzveWkvTD0jP8DBMYiAnYemmydsvqxdSmsUapHHJkl6wKZIOQNSO7pxsy+9XM/1/+0f9Y9F9ZNl5lePTEA==",
      "cpu": [
        "arm64"
      ],
      "dev": true,
      "optional": true,
      "os": [
        "win32"
      ]
    }
  },
  "dependencies": {
    "pnpm": {
      "version": "7.25.1",
      "resolved": "https://registry.npmjs.org/pnpm/-/pnpm-7.25.1.tgz",
      "integrity": "sha512-y/jlADVxyk+scBwI0ALRf8QoUMgrWyONnD1voZaPTBI+D+aIXXiFG9pMk3eLhvEfc0nK8KUnnbDDBTywd7WsMw=="
    },
    "turbo": {
      "version": "file:node_modules/.pnpm/turbo@1.7.0/node_modules/turbo",
      "requires": {
        "turbo-darwin-64": "1.7.0",
        "turbo-darwin-arm64": "1.7.0",
        "turbo-linux-64": "1.7.0",
        "turbo-linux-arm64": "1.7.0",
        "turbo-windows-64": "1.7.0",
        "turbo-windows-arm64": "1.7.0"
      }
    },
    "turbo-darwin-64": {
      "version": "1.7.0",
      "resolved": "https://registry.npmjs.org/turbo-darwin-64/-/turbo-darwin-64-1.7.0.tgz",
      "integrity": "sha512-hSGAueSf5Ko8J67mpqjpt9FsP6ePn1nMcl7IVPoJq5dHsgX3anCP/BPlexJ502bNK+87DDyhQhJ/LPSJXKrSYQ==",
      "dev": true,
      "optional": true
    },
    "turbo-darwin-arm64": {
      "version": "1.7.0",
      "resolved": "https://registry.npmjs.org/turbo-darwin-arm64/-/turbo-darwin-arm64-1.7.0.tgz",
      "integrity": "sha512-BLLOW5W6VZxk5+0ZOj5AO1qjM0P5isIgjbEuyAl8lHZ4s9antUbY4CtFrspT32XxPTYoDl4UjviPMcSsbcl3WQ==",
      "dev": true,
      "optional": true
    },
    "turbo-linux-64": {
      "version": "1.7.0",
      "resolved": "https://registry.npmjs.org/turbo-linux-64/-/turbo-linux-64-1.7.0.tgz",
      "integrity": "sha512-aw2qxmfZa+kT87SB3GNUoFimqEPzTlzlRqhPgHuAAT6Uf0JHnmebPt4K+ZPtDNl5yfVmtB05bhHPqw+5QV97Yg==",
      "dev": true,
      "optional": true
    },
    "turbo-linux-arm64": {
      "version": "1.7.0",
      "resolved": "https://registry.npmjs.org/turbo-linux-arm64/-/turbo-linux-arm64-1.7.0.tgz",
      "integrity": "sha512-AJEx2jX+zO5fQtJpO3r6uhTabj4oSA5ZhB7zTs/rwu/XqoydsvStA4X8NDW4poTbOjF7DcSHizqwi04tSMzpJw==",
      "dev": true,
      "optional": true
    },
    "turbo-windows-64": {
      "version": "1.7.0",
      "resolved": "https://registry.npmjs.org/turbo-windows-64/-/turbo-windows-64-1.7.0.tgz",
      "integrity": "sha512-ewj7PPv2uxqv0r31hgnBa3E5qwUu7eyVRP5M1gB/TJXfSHduU79gbxpKCyxIZv2fL/N2/3U7EPOQPSZxBAoljA==",
      "dev": true,
      "optional": true
    },
    "turbo-windows-arm64": {
      "version": "1.7.0",
      "resolved": "https://registry.npmjs.org/turbo-windows-arm64/-/turbo-windows-arm64-1.7.0.tgz",
      "integrity": "sha512-LzjOUzveWkvTD0jP8DBMYiAnYemmydsvqxdSmsUapHHJkl6wKZIOQNSO7pxsy+9XM/1/+0f9Y9F9ZNl5lePTEA==",
      "dev": true,
      "optional": true
    }
  }
}
